// !$*UTF8*$!
{
	archiveVersion = 1;
	classes = {
	};
	objectVersion = 77;
	objects = {

/* Begin PBXBuildFile section */
		6069409B2D93EC0F000B18F1 /* VitAl Watch Watch App.app in Embed Watch Content */ = {isa = PBXBuildFile; fileRef = 6069409A2D93EC0F000B18F1 /* VitAl Watch Watch App.app */; settings = {ATTRIBUTES = (RemoveHeadersOnCopy, ); }; };
/* End PBXBuildFile section */

/* Begin PBXContainerItemProxy section */
		606940552D93EB2A000B18F1 /* PBXContainerItemProxy */ = {
			isa = PBXContainerItemProxy;
			containerPortal = 606940362D93EB28000B18F1 /* Project object */;
			proxyType = 1;
			remoteGlobalIDString = 6069403D2D93EB28000B18F1;
			remoteInfo = VitAl;
		};
		6069405F2D93EB2A000B18F1 /* PBXContainerItemProxy */ = {
			isa = PBXContainerItemProxy;
			containerPortal = 606940362D93EB28000B18F1 /* Project object */;
			proxyType = 1;
			remoteGlobalIDString = 6069403D2D93EB28000B18F1;
			remoteInfo = VitAl;
		};
		606940852D93EC0F000B18F1 /* PBXContainerItemProxy */ = {
			isa = PBXContainerItemProxy;
			containerPortal = 606940362D93EB28000B18F1 /* Project object */;
			proxyType = 1;
			remoteGlobalIDString = 606940742D93EC0D000B18F1;
			remoteInfo = "VitAl Watch";
		};
		6069408F2D93EC0F000B18F1 /* PBXContainerItemProxy */ = {
			isa = PBXContainerItemProxy;
			containerPortal = 606940362D93EB28000B18F1 /* Project object */;
			proxyType = 1;
			remoteGlobalIDString = 606940742D93EC0D000B18F1;
			remoteInfo = "VitAl Watch";
		};
		6069409C2D93EC0F000B18F1 /* PBXContainerItemProxy */ = {
			isa = PBXContainerItemProxy;
			containerPortal = 606940362D93EB28000B18F1 /* Project object */;
			proxyType = 1;
			remoteGlobalIDString = 606940992D93EC0F000B18F1;
			remoteInfo = "VitAl Watch Watch App";
		};
		606940AD2D93EC10000B18F1 /* PBXContainerItemProxy */ = {
			isa = PBXContainerItemProxy;
			containerPortal = 606940362D93EB28000B18F1 /* Project object */;
			proxyType = 1;
			remoteGlobalIDString = 606940992D93EC0F000B18F1;
			remoteInfo = "VitAl Watch Watch App";
		};
		606940B72D93EC10000B18F1 /* PBXContainerItemProxy */ = {
			isa = PBXContainerItemProxy;
			containerPortal = 606940362D93EB28000B18F1 /* Project object */;
			proxyType = 1;
			remoteGlobalIDString = 606940992D93EC0F000B18F1;
			remoteInfo = "VitAl Watch Watch App";
		};
/* End PBXContainerItemProxy section */

/* Begin PBXCopyFilesBuildPhase section */
		606940C12D93EC10000B18F1 /* Embed Watch Content */ = {
			isa = PBXCopyFilesBuildPhase;
			buildActionMask = 2147483647;
			dstPath = "$(CONTENTS_FOLDER_PATH)/Watch";
			dstSubfolderSpec = 16;
			files = (
				6069409B2D93EC0F000B18F1 /* VitAl Watch Watch App.app in Embed Watch Content */,
			);
			name = "Embed Watch Content";
			runOnlyForDeploymentPostprocessing = 0;
		};
/* End PBXCopyFilesBuildPhase section */

/* Begin PBXFileReference section */
		6069403E2D93EB28000B18F1 /* VitAl.app */ = {isa = PBXFileReference; explicitFileType = wrapper.application; includeInIndex = 0; path = VitAl.app; sourceTree = BUILT_PRODUCTS_DIR; };
		606940542D93EB2A000B18F1 /* VitAlTests.xctest */ = {isa = PBXFileReference; explicitFileType = wrapper.cfbundle; includeInIndex = 0; path = VitAlTests.xctest; sourceTree = BUILT_PRODUCTS_DIR; };
		6069405E2D93EB2A000B18F1 /* VitAlUITests.xctest */ = {isa = PBXFileReference; explicitFileType = wrapper.cfbundle; includeInIndex = 0; path = VitAlUITests.xctest; sourceTree = BUILT_PRODUCTS_DIR; };
		606940752D93EC0D000B18F1 /* VitAl Watch.app */ = {isa = PBXFileReference; explicitFileType = wrapper.application; includeInIndex = 0; path = "VitAl Watch.app"; sourceTree = BUILT_PRODUCTS_DIR; };
		606940842D93EC0F000B18F1 /* VitAl WatchTests.xctest */ = {isa = PBXFileReference; explicitFileType = wrapper.cfbundle; includeInIndex = 0; path = "VitAl WatchTests.xctest"; sourceTree = BUILT_PRODUCTS_DIR; };
		6069408E2D93EC0F000B18F1 /* VitAl WatchUITests.xctest */ = {isa = PBXFileReference; explicitFileType = wrapper.cfbundle; includeInIndex = 0; path = "VitAl WatchUITests.xctest"; sourceTree = BUILT_PRODUCTS_DIR; };
		6069409A2D93EC0F000B18F1 /* VitAl Watch Watch App.app */ = {isa = PBXFileReference; explicitFileType = wrapper.application; includeInIndex = 0; path = "VitAl Watch Watch App.app"; sourceTree = BUILT_PRODUCTS_DIR; };
		606940AC2D93EC10000B18F1 /* VitAl Watch Watch AppTests.xctest */ = {isa = PBXFileReference; explicitFileType = wrapper.cfbundle; includeInIndex = 0; path = "VitAl Watch Watch AppTests.xctest"; sourceTree = BUILT_PRODUCTS_DIR; };
		606940B62D93EC10000B18F1 /* VitAl Watch Watch AppUITests.xctest */ = {isa = PBXFileReference; explicitFileType = wrapper.cfbundle; includeInIndex = 0; path = "VitAl Watch Watch AppUITests.xctest"; sourceTree = BUILT_PRODUCTS_DIR; };
/* End PBXFileReference section */

/* Begin PBXFileSystemSynchronizedBuildFileExceptionSet section */
		606940D22D94B986000B18F1 /* Exceptions for "VitAl" folder in "VitAl" target */ = {
			isa = PBXFileSystemSynchronizedBuildFileExceptionSet;
			membershipExceptions = (
				Info.plist,
			);
			target = 6069403D2D93EB28000B18F1 /* VitAl */;
		};
/* End PBXFileSystemSynchronizedBuildFileExceptionSet section */

/* Begin PBXFileSystemSynchronizedRootGroup section */
		606940402D93EB28000B18F1 /* VitAl */ = {
			isa = PBXFileSystemSynchronizedRootGroup;
			exceptions = (
				606940D22D94B986000B18F1 /* Exceptions for "VitAl" folder in "VitAl" target */,
			);
			path = VitAl;
			sourceTree = "<group>";
		};
		606940572D93EB2A000B18F1 /* VitAlTests */ = {
			isa = PBXFileSystemSynchronizedRootGroup;
			path = VitAlTests;
			sourceTree = "<group>";
		};
		606940612D93EB2A000B18F1 /* VitAlUITests */ = {
			isa = PBXFileSystemSynchronizedRootGroup;
			path = VitAlUITests;
			sourceTree = "<group>";
		};
		606940762D93EC0D000B18F1 /* VitAl Watch */ = {
			isa = PBXFileSystemSynchronizedRootGroup;
			path = "VitAl Watch";
			sourceTree = "<group>";
		};
		606940872D93EC0F000B18F1 /* VitAl WatchTests */ = {
			isa = PBXFileSystemSynchronizedRootGroup;
			path = "VitAl WatchTests";
			sourceTree = "<group>";
		};
		606940912D93EC0F000B18F1 /* VitAl WatchUITests */ = {
			isa = PBXFileSystemSynchronizedRootGroup;
			path = "VitAl WatchUITests";
			sourceTree = "<group>";
		};
		6069409E2D93EC0F000B18F1 /* VitAl Watch Watch App */ = {
			isa = PBXFileSystemSynchronizedRootGroup;
			path = "VitAl Watch Watch App";
			sourceTree = "<group>";
		};
		606940AF2D93EC10000B18F1 /* VitAl Watch Watch AppTests */ = {
			isa = PBXFileSystemSynchronizedRootGroup;
			path = "VitAl Watch Watch AppTests";
			sourceTree = "<group>";
		};
		606940B92D93EC10000B18F1 /* VitAl Watch Watch AppUITests */ = {
			isa = PBXFileSystemSynchronizedRootGroup;
			path = "VitAl Watch Watch AppUITests";
			sourceTree = "<group>";
		};
/* End PBXFileSystemSynchronizedRootGroup section */

/* Begin PBXFrameworksBuildPhase section */
		6069403B2D93EB28000B18F1 /* Frameworks */ = {
			isa = PBXFrameworksBuildPhase;
			buildActionMask = 2147483647;
			files = (
			);
			runOnlyForDeploymentPostprocessing = 0;
		};
		606940512D93EB2A000B18F1 /* Frameworks */ = {
			isa = PBXFrameworksBuildPhase;
			buildActionMask = 2147483647;
			files = (
			);
			runOnlyForDeploymentPostprocessing = 0;
		};
		6069405B2D93EB2A000B18F1 /* Frameworks */ = {
			isa = PBXFrameworksBuildPhase;
			buildActionMask = 2147483647;
			files = (
			);
			runOnlyForDeploymentPostprocessing = 0;
		};
		606940722D93EC0D000B18F1 /* Frameworks */ = {
			isa = PBXFrameworksBuildPhase;
			buildActionMask = 2147483647;
			files = (
			);
			runOnlyForDeploymentPostprocessing = 0;
		};
		606940812D93EC0F000B18F1 /* Frameworks */ = {
			isa = PBXFrameworksBuildPhase;
			buildActionMask = 2147483647;
			files = (
			);
			runOnlyForDeploymentPostprocessing = 0;
		};
		6069408B2D93EC0F000B18F1 /* Frameworks */ = {
			isa = PBXFrameworksBuildPhase;
			buildActionMask = 2147483647;
			files = (
			);
			runOnlyForDeploymentPostprocessing = 0;
		};
		606940972D93EC0F000B18F1 /* Frameworks */ = {
			isa = PBXFrameworksBuildPhase;
			buildActionMask = 2147483647;
			files = (
			);
			runOnlyForDeploymentPostprocessing = 0;
		};
		606940A92D93EC10000B18F1 /* Frameworks */ = {
			isa = PBXFrameworksBuildPhase;
			buildActionMask = 2147483647;
			files = (
			);
			runOnlyForDeploymentPostprocessing = 0;
		};
		606940B32D93EC10000B18F1 /* Frameworks */ = {
			isa = PBXFrameworksBuildPhase;
			buildActionMask = 2147483647;
			files = (
			);
			runOnlyForDeploymentPostprocessing = 0;
		};
/* End PBXFrameworksBuildPhase section */

/* Begin PBXGroup section */
		606940352D93EB28000B18F1 = {
			isa = PBXGroup;
			children = (
				606940402D93EB28000B18F1 /* VitAl */,
				606940572D93EB2A000B18F1 /* VitAlTests */,
				606940612D93EB2A000B18F1 /* VitAlUITests */,
				606940762D93EC0D000B18F1 /* VitAl Watch */,
				606940872D93EC0F000B18F1 /* VitAl WatchTests */,
				606940912D93EC0F000B18F1 /* VitAl WatchUITests */,
				6069409E2D93EC0F000B18F1 /* VitAl Watch Watch App */,
				606940AF2D93EC10000B18F1 /* VitAl Watch Watch AppTests */,
				606940B92D93EC10000B18F1 /* VitAl Watch Watch AppUITests */,
				6069403F2D93EB28000B18F1 /* Products */,
			);
			sourceTree = "<group>";
		};
		6069403F2D93EB28000B18F1 /* Products */ = {
			isa = PBXGroup;
			children = (
				6069403E2D93EB28000B18F1 /* VitAl.app */,
				606940542D93EB2A000B18F1 /* VitAlTests.xctest */,
				6069405E2D93EB2A000B18F1 /* VitAlUITests.xctest */,
				606940752D93EC0D000B18F1 /* VitAl Watch.app */,
				606940842D93EC0F000B18F1 /* VitAl WatchTests.xctest */,
				6069408E2D93EC0F000B18F1 /* VitAl WatchUITests.xctest */,
				6069409A2D93EC0F000B18F1 /* VitAl Watch Watch App.app */,
				606940AC2D93EC10000B18F1 /* VitAl Watch Watch AppTests.xctest */,
				606940B62D93EC10000B18F1 /* VitAl Watch Watch AppUITests.xctest */,
			);
			name = Products;
			sourceTree = "<group>";
		};
/* End PBXGroup section */

/* Begin PBXNativeTarget section */
		6069403D2D93EB28000B18F1 /* VitAl */ = {
			isa = PBXNativeTarget;
			buildConfigurationList = 606940682D93EB2A000B18F1 /* Build configuration list for PBXNativeTarget "VitAl" */;
			buildPhases = (
				6069403A2D93EB28000B18F1 /* Sources */,
				6069403B2D93EB28000B18F1 /* Frameworks */,
				6069403C2D93EB28000B18F1 /* Resources */,
			);
			buildRules = (
			);
			dependencies = (
			);
			fileSystemSynchronizedGroups = (
				606940402D93EB28000B18F1 /* VitAl */,
			);
			name = VitAl;
			packageProductDependencies = (
			);
			productName = VitAl;
			productReference = 6069403E2D93EB28000B18F1 /* VitAl.app */;
			productType = "com.apple.product-type.application";
		};
		606940532D93EB2A000B18F1 /* VitAlTests */ = {
			isa = PBXNativeTarget;
			buildConfigurationList = 6069406B2D93EB2A000B18F1 /* Build configuration list for PBXNativeTarget "VitAlTests" */;
			buildPhases = (
				606940502D93EB2A000B18F1 /* Sources */,
				606940512D93EB2A000B18F1 /* Frameworks */,
				606940522D93EB2A000B18F1 /* Resources */,
			);
			buildRules = (
			);
			dependencies = (
				606940562D93EB2A000B18F1 /* PBXTargetDependency */,
			);
			fileSystemSynchronizedGroups = (
				606940572D93EB2A000B18F1 /* VitAlTests */,
			);
			name = VitAlTests;
			packageProductDependencies = (
			);
			productName = VitAlTests;
			productReference = 606940542D93EB2A000B18F1 /* VitAlTests.xctest */;
			productType = "com.apple.product-type.bundle.unit-test";
		};
		6069405D2D93EB2A000B18F1 /* VitAlUITests */ = {
			isa = PBXNativeTarget;
			buildConfigurationList = 6069406E2D93EB2A000B18F1 /* Build configuration list for PBXNativeTarget "VitAlUITests" */;
			buildPhases = (
				6069405A2D93EB2A000B18F1 /* Sources */,
				6069405B2D93EB2A000B18F1 /* Frameworks */,
				6069405C2D93EB2A000B18F1 /* Resources */,
			);
			buildRules = (
			);
			dependencies = (
				606940602D93EB2A000B18F1 /* PBXTargetDependency */,
			);
			fileSystemSynchronizedGroups = (
				606940612D93EB2A000B18F1 /* VitAlUITests */,
			);
			name = VitAlUITests;
			packageProductDependencies = (
			);
			productName = VitAlUITests;
			productReference = 6069405E2D93EB2A000B18F1 /* VitAlUITests.xctest */;
			productType = "com.apple.product-type.bundle.ui-testing";
		};
		606940742D93EC0D000B18F1 /* VitAl Watch */ = {
			isa = PBXNativeTarget;
			buildConfigurationList = 606940C22D93EC10000B18F1 /* Build configuration list for PBXNativeTarget "VitAl Watch" */;
			buildPhases = (
				606940712D93EC0D000B18F1 /* Sources */,
				606940722D93EC0D000B18F1 /* Frameworks */,
				606940732D93EC0D000B18F1 /* Resources */,
				606940C12D93EC10000B18F1 /* Embed Watch Content */,
			);
			buildRules = (
			);
			dependencies = (
				6069409D2D93EC0F000B18F1 /* PBXTargetDependency */,
			);
			fileSystemSynchronizedGroups = (
				606940762D93EC0D000B18F1 /* VitAl Watch */,
			);
			name = "VitAl Watch";
			packageProductDependencies = (
			);
			productName = "VitAl Watch";
			productReference = 606940752D93EC0D000B18F1 /* VitAl Watch.app */;
			productType = "com.apple.product-type.application";
		};
		606940832D93EC0F000B18F1 /* VitAl WatchTests */ = {
			isa = PBXNativeTarget;
			buildConfigurationList = 606940C52D93EC10000B18F1 /* Build configuration list for PBXNativeTarget "VitAl WatchTests" */;
			buildPhases = (
				606940802D93EC0F000B18F1 /* Sources */,
				606940812D93EC0F000B18F1 /* Frameworks */,
				606940822D93EC0F000B18F1 /* Resources */,
			);
			buildRules = (
			);
			dependencies = (
				606940862D93EC0F000B18F1 /* PBXTargetDependency */,
			);
			fileSystemSynchronizedGroups = (
				606940872D93EC0F000B18F1 /* VitAl WatchTests */,
			);
			name = "VitAl WatchTests";
			packageProductDependencies = (
			);
			productName = "VitAl WatchTests";
			productReference = 606940842D93EC0F000B18F1 /* VitAl WatchTests.xctest */;
			productType = "com.apple.product-type.bundle.unit-test";
		};
		6069408D2D93EC0F000B18F1 /* VitAl WatchUITests */ = {
			isa = PBXNativeTarget;
			buildConfigurationList = 606940C82D93EC10000B18F1 /* Build configuration list for PBXNativeTarget "VitAl WatchUITests" */;
			buildPhases = (
				6069408A2D93EC0F000B18F1 /* Sources */,
				6069408B2D93EC0F000B18F1 /* Frameworks */,
				6069408C2D93EC0F000B18F1 /* Resources */,
			);
			buildRules = (
			);
			dependencies = (
				606940902D93EC0F000B18F1 /* PBXTargetDependency */,
			);
			fileSystemSynchronizedGroups = (
				606940912D93EC0F000B18F1 /* VitAl WatchUITests */,
			);
			name = "VitAl WatchUITests";
			packageProductDependencies = (
			);
			productName = "VitAl WatchUITests";
			productReference = 6069408E2D93EC0F000B18F1 /* VitAl WatchUITests.xctest */;
			productType = "com.apple.product-type.bundle.ui-testing";
		};
		606940992D93EC0F000B18F1 /* VitAl Watch Watch App */ = {
			isa = PBXNativeTarget;
			buildConfigurationList = 606940BE2D93EC10000B18F1 /* Build configuration list for PBXNativeTarget "VitAl Watch Watch App" */;
			buildPhases = (
				606940962D93EC0F000B18F1 /* Sources */,
				606940972D93EC0F000B18F1 /* Frameworks */,
				606940982D93EC0F000B18F1 /* Resources */,
			);
			buildRules = (
			);
			dependencies = (
			);
			fileSystemSynchronizedGroups = (
				6069409E2D93EC0F000B18F1 /* VitAl Watch Watch App */,
			);
			name = "VitAl Watch Watch App";
			packageProductDependencies = (
			);
			productName = "VitAl Watch Watch App";
			productReference = 6069409A2D93EC0F000B18F1 /* VitAl Watch Watch App.app */;
			productType = "com.apple.product-type.application";
		};
		606940AB2D93EC10000B18F1 /* VitAl Watch Watch AppTests */ = {
			isa = PBXNativeTarget;
			buildConfigurationList = 606940CB2D93EC10000B18F1 /* Build configuration list for PBXNativeTarget "VitAl Watch Watch AppTests" */;
			buildPhases = (
				606940A82D93EC10000B18F1 /* Sources */,
				606940A92D93EC10000B18F1 /* Frameworks */,
				606940AA2D93EC10000B18F1 /* Resources */,
			);
			buildRules = (
			);
			dependencies = (
				606940AE2D93EC10000B18F1 /* PBXTargetDependency */,
			);
			fileSystemSynchronizedGroups = (
				606940AF2D93EC10000B18F1 /* VitAl Watch Watch AppTests */,
			);
			name = "VitAl Watch Watch AppTests";
			packageProductDependencies = (
			);
			productName = "VitAl Watch Watch AppTests";
			productReference = 606940AC2D93EC10000B18F1 /* VitAl Watch Watch AppTests.xctest */;
			productType = "com.apple.product-type.bundle.unit-test";
		};
		606940B52D93EC10000B18F1 /* VitAl Watch Watch AppUITests */ = {
			isa = PBXNativeTarget;
			buildConfigurationList = 606940CE2D93EC10000B18F1 /* Build configuration list for PBXNativeTarget "VitAl Watch Watch AppUITests" */;
			buildPhases = (
				606940B22D93EC10000B18F1 /* Sources */,
				606940B32D93EC10000B18F1 /* Frameworks */,
				606940B42D93EC10000B18F1 /* Resources */,
			);
			buildRules = (
			);
			dependencies = (
				606940B82D93EC10000B18F1 /* PBXTargetDependency */,
			);
			fileSystemSynchronizedGroups = (
				606940B92D93EC10000B18F1 /* VitAl Watch Watch AppUITests */,
			);
			name = "VitAl Watch Watch AppUITests";
			packageProductDependencies = (
			);
			productName = "VitAl Watch Watch AppUITests";
			productReference = 606940B62D93EC10000B18F1 /* VitAl Watch Watch AppUITests.xctest */;
			productType = "com.apple.product-type.bundle.ui-testing";
		};
/* End PBXNativeTarget section */

/* Begin PBXProject section */
		606940362D93EB28000B18F1 /* Project object */ = {
			isa = PBXProject;
			attributes = {
				BuildIndependentTargetsInParallel = 1;
				LastSwiftUpdateCheck = 1620;
				LastUpgradeCheck = 1620;
				TargetAttributes = {
					6069403D2D93EB28000B18F1 = {
						CreatedOnToolsVersion = 16.2;
					};
					606940532D93EB2A000B18F1 = {
						CreatedOnToolsVersion = 16.2;
						TestTargetID = 6069403D2D93EB28000B18F1;
					};
					6069405D2D93EB2A000B18F1 = {
						CreatedOnToolsVersion = 16.2;
						TestTargetID = 6069403D2D93EB28000B18F1;
					};
					606940742D93EC0D000B18F1 = {
						CreatedOnToolsVersion = 16.2;
					};
					606940832D93EC0F000B18F1 = {
						CreatedOnToolsVersion = 16.2;
						TestTargetID = 606940742D93EC0D000B18F1;
					};
					6069408D2D93EC0F000B18F1 = {
						CreatedOnToolsVersion = 16.2;
						TestTargetID = 606940742D93EC0D000B18F1;
					};
					606940992D93EC0F000B18F1 = {
						CreatedOnToolsVersion = 16.2;
					};
					606940AB2D93EC10000B18F1 = {
						CreatedOnToolsVersion = 16.2;
						TestTargetID = 606940992D93EC0F000B18F1;
					};
					606940B52D93EC10000B18F1 = {
						CreatedOnToolsVersion = 16.2;
						TestTargetID = 606940992D93EC0F000B18F1;
					};
				};
			};
			buildConfigurationList = 606940392D93EB28000B18F1 /* Build configuration list for PBXProject "VitAl" */;
			developmentRegion = en;
			hasScannedForEncodings = 0;
			knownRegions = (
				en,
				Base,
			);
			mainGroup = 606940352D93EB28000B18F1;
			minimizedProjectReferenceProxies = 1;
			preferredProjectObjectVersion = 77;
			productRefGroup = 6069403F2D93EB28000B18F1 /* Products */;
			projectDirPath = "";
			projectRoot = "";
			targets = (
				6069403D2D93EB28000B18F1 /* VitAl */,
				606940532D93EB2A000B18F1 /* VitAlTests */,
				6069405D2D93EB2A000B18F1 /* VitAlUITests */,
				606940742D93EC0D000B18F1 /* VitAl Watch */,
				606940832D93EC0F000B18F1 /* VitAl WatchTests */,
				6069408D2D93EC0F000B18F1 /* VitAl WatchUITests */,
				606940992D93EC0F000B18F1 /* VitAl Watch Watch App */,
				606940AB2D93EC10000B18F1 /* VitAl Watch Watch AppTests */,
				606940B52D93EC10000B18F1 /* VitAl Watch Watch AppUITests */,
			);
		};
/* End PBXProject section */

/* Begin PBXResourcesBuildPhase section */
		6069403C2D93EB28000B18F1 /* Resources */ = {
			isa = PBXResourcesBuildPhase;
			buildActionMask = 2147483647;
			files = (
			);
			runOnlyForDeploymentPostprocessing = 0;
		};
		606940522D93EB2A000B18F1 /* Resources */ = {
			isa = PBXResourcesBuildPhase;
			buildActionMask = 2147483647;
			files = (
			);
			runOnlyForDeploymentPostprocessing = 0;
		};
		6069405C2D93EB2A000B18F1 /* Resources */ = {
			isa = PBXResourcesBuildPhase;
			buildActionMask = 2147483647;
			files = (
			);
			runOnlyForDeploymentPostprocessing = 0;
		};
		606940732D93EC0D000B18F1 /* Resources */ = {
			isa = PBXResourcesBuildPhase;
			buildActionMask = 2147483647;
			files = (
			);
			runOnlyForDeploymentPostprocessing = 0;
		};
		606940822D93EC0F000B18F1 /* Resources */ = {
			isa = PBXResourcesBuildPhase;
			buildActionMask = 2147483647;
			files = (
			);
			runOnlyForDeploymentPostprocessing = 0;
		};
		6069408C2D93EC0F000B18F1 /* Resources */ = {
			isa = PBXResourcesBuildPhase;
			buildActionMask = 2147483647;
			files = (
			);
			runOnlyForDeploymentPostprocessing = 0;
		};
		606940982D93EC0F000B18F1 /* Resources */ = {
			isa = PBXResourcesBuildPhase;
			buildActionMask = 2147483647;
			files = (
			);
			runOnlyForDeploymentPostprocessing = 0;
		};
		606940AA2D93EC10000B18F1 /* Resources */ = {
			isa = PBXResourcesBuildPhase;
			buildActionMask = 2147483647;
			files = (
			);
			runOnlyForDeploymentPostprocessing = 0;
		};
		606940B42D93EC10000B18F1 /* Resources */ = {
			isa = PBXResourcesBuildPhase;
			buildActionMask = 2147483647;
			files = (
			);
			runOnlyForDeploymentPostprocessing = 0;
		};
/* End PBXResourcesBuildPhase section */

/* Begin PBXSourcesBuildPhase section */
		6069403A2D93EB28000B18F1 /* Sources */ = {
			isa = PBXSourcesBuildPhase;
			buildActionMask = 2147483647;
			files = (
			);
			runOnlyForDeploymentPostprocessing = 0;
		};
		606940502D93EB2A000B18F1 /* Sources */ = {
			isa = PBXSourcesBuildPhase;
			buildActionMask = 2147483647;
			files = (
			);
			runOnlyForDeploymentPostprocessing = 0;
		};
		6069405A2D93EB2A000B18F1 /* Sources */ = {
			isa = PBXSourcesBuildPhase;
			buildActionMask = 2147483647;
			files = (
			);
			runOnlyForDeploymentPostprocessing = 0;
		};
		606940712D93EC0D000B18F1 /* Sources */ = {
			isa = PBXSourcesBuildPhase;
			buildActionMask = 2147483647;
			files = (
			);
			runOnlyForDeploymentPostprocessing = 0;
		};
		606940802D93EC0F000B18F1 /* Sources */ = {
			isa = PBXSourcesBuildPhase;
			buildActionMask = 2147483647;
			files = (
			);
			runOnlyForDeploymentPostprocessing = 0;
		};
		6069408A2D93EC0F000B18F1 /* Sources */ = {
			isa = PBXSourcesBuildPhase;
			buildActionMask = 2147483647;
			files = (
			);
			runOnlyForDeploymentPostprocessing = 0;
		};
		606940962D93EC0F000B18F1 /* Sources */ = {
			isa = PBXSourcesBuildPhase;
			buildActionMask = 2147483647;
			files = (
			);
			runOnlyForDeploymentPostprocessing = 0;
		};
		606940A82D93EC10000B18F1 /* Sources */ = {
			isa = PBXSourcesBuildPhase;
			buildActionMask = 2147483647;
			files = (
			);
			runOnlyForDeploymentPostprocessing = 0;
		};
		606940B22D93EC10000B18F1 /* Sources */ = {
			isa = PBXSourcesBuildPhase;
			buildActionMask = 2147483647;
			files = (
			);
			runOnlyForDeploymentPostprocessing = 0;
		};
/* End PBXSourcesBuildPhase section */

/* Begin PBXTargetDependency section */
		606940562D93EB2A000B18F1 /* PBXTargetDependency */ = {
			isa = PBXTargetDependency;
			target = 6069403D2D93EB28000B18F1 /* VitAl */;
			targetProxy = 606940552D93EB2A000B18F1 /* PBXContainerItemProxy */;
		};
		606940602D93EB2A000B18F1 /* PBXTargetDependency */ = {
			isa = PBXTargetDependency;
			target = 6069403D2D93EB28000B18F1 /* VitAl */;
			targetProxy = 6069405F2D93EB2A000B18F1 /* PBXContainerItemProxy */;
		};
		606940862D93EC0F000B18F1 /* PBXTargetDependency */ = {
			isa = PBXTargetDependency;
			target = 606940742D93EC0D000B18F1 /* VitAl Watch */;
			targetProxy = 606940852D93EC0F000B18F1 /* PBXContainerItemProxy */;
		};
		606940902D93EC0F000B18F1 /* PBXTargetDependency */ = {
			isa = PBXTargetDependency;
			target = 606940742D93EC0D000B18F1 /* VitAl Watch */;
			targetProxy = 6069408F2D93EC0F000B18F1 /* PBXContainerItemProxy */;
		};
		6069409D2D93EC0F000B18F1 /* PBXTargetDependency */ = {
			isa = PBXTargetDependency;
			target = 606940992D93EC0F000B18F1 /* VitAl Watch Watch App */;
			targetProxy = 6069409C2D93EC0F000B18F1 /* PBXContainerItemProxy */;
		};
		606940AE2D93EC10000B18F1 /* PBXTargetDependency */ = {
			isa = PBXTargetDependency;
			target = 606940992D93EC0F000B18F1 /* VitAl Watch Watch App */;
			targetProxy = 606940AD2D93EC10000B18F1 /* PBXContainerItemProxy */;
		};
		606940B82D93EC10000B18F1 /* PBXTargetDependency */ = {
			isa = PBXTargetDependency;
			target = 606940992D93EC0F000B18F1 /* VitAl Watch Watch App */;
			targetProxy = 606940B72D93EC10000B18F1 /* PBXContainerItemProxy */;
		};
/* End PBXTargetDependency section */

/* Begin XCBuildConfiguration section */
		606940662D93EB2A000B18F1 /* Debug */ = {
			isa = XCBuildConfiguration;
			buildSettings = {
				ALWAYS_SEARCH_USER_PATHS = NO;
				ASSETCATALOG_COMPILER_GENERATE_SWIFT_ASSET_SYMBOL_EXTENSIONS = YES;
				CLANG_ANALYZER_NONNULL = YES;
				CLANG_ANALYZER_NUMBER_OBJECT_CONVERSION = YES_AGGRESSIVE;
				CLANG_CXX_LANGUAGE_STANDARD = "gnu++20";
				CLANG_ENABLE_MODULES = YES;
				CLANG_ENABLE_OBJC_ARC = YES;
				CLANG_ENABLE_OBJC_WEAK = YES;
				CLANG_WARN_BLOCK_CAPTURE_AUTORELEASING = YES;
				CLANG_WARN_BOOL_CONVERSION = YES;
				CLANG_WARN_COMMA = YES;
				CLANG_WARN_CONSTANT_CONVERSION = YES;
				CLANG_WARN_DEPRECATED_OBJC_IMPLEMENTATIONS = YES;
				CLANG_WARN_DIRECT_OBJC_ISA_USAGE = YES_ERROR;
				CLANG_WARN_DOCUMENTATION_COMMENTS = YES;
				CLANG_WARN_EMPTY_BODY = YES;
				CLANG_WARN_ENUM_CONVERSION = YES;
				CLANG_WARN_INFINITE_RECURSION = YES;
				CLANG_WARN_INT_CONVERSION = YES;
				CLANG_WARN_NON_LITERAL_NULL_CONVERSION = YES;
				CLANG_WARN_OBJC_IMPLICIT_RETAIN_SELF = YES;
				CLANG_WARN_OBJC_LITERAL_CONVERSION = YES;
				CLANG_WARN_OBJC_ROOT_CLASS = YES_ERROR;
				CLANG_WARN_QUOTED_INCLUDE_IN_FRAMEWORK_HEADER = YES;
				CLANG_WARN_RANGE_LOOP_ANALYSIS = YES;
				CLANG_WARN_STRICT_PROTOTYPES = YES;
				CLANG_WARN_SUSPICIOUS_MOVE = YES;
				CLANG_WARN_UNGUARDED_AVAILABILITY = YES_AGGRESSIVE;
				CLANG_WARN_UNREACHABLE_CODE = YES;
				CLANG_WARN__DUPLICATE_METHOD_MATCH = YES;
				COPY_PHASE_STRIP = NO;
				DEBUG_INFORMATION_FORMAT = dwarf;
				ENABLE_STRICT_OBJC_MSGSEND = YES;
				ENABLE_TESTABILITY = YES;
				ENABLE_USER_SCRIPT_SANDBOXING = YES;
				GCC_C_LANGUAGE_STANDARD = gnu17;
				GCC_DYNAMIC_NO_PIC = NO;
				GCC_NO_COMMON_BLOCKS = YES;
				GCC_OPTIMIZATION_LEVEL = 0;
				GCC_PREPROCESSOR_DEFINITIONS = (
					"DEBUG=1",
					"$(inherited)",
				);
				GCC_WARN_64_TO_32_BIT_CONVERSION = YES;
				GCC_WARN_ABOUT_RETURN_TYPE = YES_ERROR;
				GCC_WARN_UNDECLARED_SELECTOR = YES;
				GCC_WARN_UNINITIALIZED_AUTOS = YES_AGGRESSIVE;
				GCC_WARN_UNUSED_FUNCTION = YES;
				GCC_WARN_UNUSED_VARIABLE = YES;
				LOCALIZATION_PREFERS_STRING_CATALOGS = YES;
				MTL_ENABLE_DEBUG_INFO = INCLUDE_SOURCE;
				MTL_FAST_MATH = YES;
				ONLY_ACTIVE_ARCH = YES;
				SWIFT_ACTIVE_COMPILATION_CONDITIONS = "DEBUG $(inherited)";
				SWIFT_OPTIMIZATION_LEVEL = "-Onone";
			};
			name = Debug;
		};
		606940672D93EB2A000B18F1 /* Release */ = {
			isa = XCBuildConfiguration;
			buildSettings = {
				ALWAYS_SEARCH_USER_PATHS = NO;
				ASSETCATALOG_COMPILER_GENERATE_SWIFT_ASSET_SYMBOL_EXTENSIONS = YES;
				CLANG_ANALYZER_NONNULL = YES;
				CLANG_ANALYZER_NUMBER_OBJECT_CONVERSION = YES_AGGRESSIVE;
				CLANG_CXX_LANGUAGE_STANDARD = "gnu++20";
				CLANG_ENABLE_MODULES = YES;
				CLANG_ENABLE_OBJC_ARC = YES;
				CLANG_ENABLE_OBJC_WEAK = YES;
				CLANG_WARN_BLOCK_CAPTURE_AUTORELEASING = YES;
				CLANG_WARN_BOOL_CONVERSION = YES;
				CLANG_WARN_COMMA = YES;
				CLANG_WARN_CONSTANT_CONVERSION = YES;
				CLANG_WARN_DEPRECATED_OBJC_IMPLEMENTATIONS = YES;
				CLANG_WARN_DIRECT_OBJC_ISA_USAGE = YES_ERROR;
				CLANG_WARN_DOCUMENTATION_COMMENTS = YES;
				CLANG_WARN_EMPTY_BODY = YES;
				CLANG_WARN_ENUM_CONVERSION = YES;
				CLANG_WARN_INFINITE_RECURSION = YES;
				CLANG_WARN_INT_CONVERSION = YES;
				CLANG_WARN_NON_LITERAL_NULL_CONVERSION = YES;
				CLANG_WARN_OBJC_IMPLICIT_RETAIN_SELF = YES;
				CLANG_WARN_OBJC_LITERAL_CONVERSION = YES;
				CLANG_WARN_OBJC_ROOT_CLASS = YES_ERROR;
				CLANG_WARN_QUOTED_INCLUDE_IN_FRAMEWORK_HEADER = YES;
				CLANG_WARN_RANGE_LOOP_ANALYSIS = YES;
				CLANG_WARN_STRICT_PROTOTYPES = YES;
				CLANG_WARN_SUSPICIOUS_MOVE = YES;
				CLANG_WARN_UNGUARDED_AVAILABILITY = YES_AGGRESSIVE;
				CLANG_WARN_UNREACHABLE_CODE = YES;
				CLANG_WARN__DUPLICATE_METHOD_MATCH = YES;
				COPY_PHASE_STRIP = NO;
				DEBUG_INFORMATION_FORMAT = "dwarf-with-dsym";
				ENABLE_NS_ASSERTIONS = NO;
				ENABLE_STRICT_OBJC_MSGSEND = YES;
				ENABLE_TESTABILITY = NO;
				ENABLE_USER_SCRIPT_SANDBOXING = YES;
				GCC_C_LANGUAGE_STANDARD = gnu17;
				GCC_NO_COMMON_BLOCKS = YES;
				GCC_WARN_64_TO_32_BIT_CONVERSION = YES;
				GCC_WARN_ABOUT_RETURN_TYPE = YES_ERROR;
				GCC_WARN_UNDECLARED_SELECTOR = YES;
				GCC_WARN_UNINITIALIZED_AUTOS = YES_AGGRESSIVE;
				GCC_WARN_UNUSED_FUNCTION = YES;
				GCC_WARN_UNUSED_VARIABLE = YES;
				LOCALIZATION_PREFERS_STRING_CATALOGS = YES;
				MTL_ENABLE_DEBUG_INFO = NO;
				MTL_FAST_MATH = YES;
				SWIFT_COMPILATION_MODE = wholemodule;
			};
			name = Release;
		};
		606940692D93EB2A000B18F1 /* Debug */ = {
			isa = XCBuildConfiguration;
			buildSettings = {
				ASSETCATALOG_COMPILER_APPICON_NAME = AppIcon;
				ASSETCATALOG_COMPILER_GLOBAL_ACCENT_COLOR_NAME = AccentColor;
				CODE_SIGN_ENTITLEMENTS = VitAl/VitAl.entitlements;
				CODE_SIGN_STYLE = Automatic;
				CURRENT_PROJECT_VERSION = 1;
				DEVELOPMENT_ASSET_PATHS = "\"VitAl/Preview Content\"";
				DEVELOPMENT_TEAM = JYBPT2T76T;
				ENABLE_PREVIEWS = YES;
				GENERATE_INFOPLIST_FILE = YES;
				INFOPLIST_FILE = VitAl/Info.plist;
				"INFOPLIST_KEY_UIApplicationSceneManifest_Generation[sdk=iphoneos*]" = YES;
				"INFOPLIST_KEY_UIApplicationSceneManifest_Generation[sdk=iphonesimulator*]" = YES;
				"INFOPLIST_KEY_UIApplicationSupportsIndirectInputEvents[sdk=iphoneos*]" = YES;
				"INFOPLIST_KEY_UIApplicationSupportsIndirectInputEvents[sdk=iphonesimulator*]" = YES;
				"INFOPLIST_KEY_UILaunchScreen_Generation[sdk=iphoneos*]" = YES;
				"INFOPLIST_KEY_UILaunchScreen_Generation[sdk=iphonesimulator*]" = YES;
				"INFOPLIST_KEY_UIStatusBarStyle[sdk=iphoneos*]" = UIStatusBarStyleDefault;
				"INFOPLIST_KEY_UIStatusBarStyle[sdk=iphonesimulator*]" = UIStatusBarStyleDefault;
				INFOPLIST_KEY_UISupportedInterfaceOrientations_iPad = "UIInterfaceOrientationPortrait UIInterfaceOrientationPortraitUpsideDown UIInterfaceOrientationLandscapeLeft UIInterfaceOrientationLandscapeRight";
				INFOPLIST_KEY_UISupportedInterfaceOrientations_iPhone = "UIInterfaceOrientationPortrait UIInterfaceOrientationLandscapeLeft UIInterfaceOrientationLandscapeRight";
				IPHONEOS_DEPLOYMENT_TARGET = 16.6;
				LD_RUNPATH_SEARCH_PATHS = "@executable_path/Frameworks";
				"LD_RUNPATH_SEARCH_PATHS[sdk=macosx*]" = "@executable_path/../Frameworks";
				MACOSX_DEPLOYMENT_TARGET = 15.2;
				MARKETING_VERSION = 1.0;
				PRODUCT_BUNDLE_IDENTIFIER = natefelix.VitAl;
				PRODUCT_NAME = "$(TARGET_NAME)";
				SDKROOT = auto;
				SUPPORTED_PLATFORMS = "iphoneos iphonesimulator";
				SUPPORTS_MACCATALYST = NO;
				SWIFT_EMIT_LOC_STRINGS = YES;
				SWIFT_VERSION = 5.0;
				TARGETED_DEVICE_FAMILY = 1;
				XROS_DEPLOYMENT_TARGET = 2.2;
			};
			name = Debug;
		};
		6069406A2D93EB2A000B18F1 /* Release */ = {
			isa = XCBuildConfiguration;
			buildSettings = {
				ASSETCATALOG_COMPILER_APPICON_NAME = AppIcon;
				ASSETCATALOG_COMPILER_GLOBAL_ACCENT_COLOR_NAME = AccentColor;
				CODE_SIGN_ENTITLEMENTS = VitAl/VitAl.entitlements;
				CODE_SIGN_STYLE = Automatic;
				CURRENT_PROJECT_VERSION = 1;
				DEVELOPMENT_ASSET_PATHS = "\"VitAl/Preview Content\"";
				DEVELOPMENT_TEAM = JYBPT2T76T;
				ENABLE_PREVIEWS = YES;
				GENERATE_INFOPLIST_FILE = YES;
				INFOPLIST_FILE = VitAl/Info.plist;
				"INFOPLIST_KEY_UIApplicationSceneManifest_Generation[sdk=iphoneos*]" = YES;
				"INFOPLIST_KEY_UIApplicationSceneManifest_Generation[sdk=iphonesimulator*]" = YES;
				"INFOPLIST_KEY_UIApplicationSupportsIndirectInputEvents[sdk=iphoneos*]" = YES;
				"INFOPLIST_KEY_UIApplicationSupportsIndirectInputEvents[sdk=iphonesimulator*]" = YES;
				"INFOPLIST_KEY_UILaunchScreen_Generation[sdk=iphoneos*]" = YES;
				"INFOPLIST_KEY_UILaunchScreen_Generation[sdk=iphonesimulator*]" = YES;
				"INFOPLIST_KEY_UIStatusBarStyle[sdk=iphoneos*]" = UIStatusBarStyleDefault;
				"INFOPLIST_KEY_UIStatusBarStyle[sdk=iphonesimulator*]" = UIStatusBarStyleDefault;
				INFOPLIST_KEY_UISupportedInterfaceOrientations_iPad = "UIInterfaceOrientationPortrait UIInterfaceOrientationPortraitUpsideDown UIInterfaceOrientationLandscapeLeft UIInterfaceOrientationLandscapeRight";
				INFOPLIST_KEY_UISupportedInterfaceOrientations_iPhone = "UIInterfaceOrientationPortrait UIInterfaceOrientationLandscapeLeft UIInterfaceOrientationLandscapeRight";
				IPHONEOS_DEPLOYMENT_TARGET = 16.6;
				LD_RUNPATH_SEARCH_PATHS = "@executable_path/Frameworks";
				"LD_RUNPATH_SEARCH_PATHS[sdk=macosx*]" = "@executable_path/../Frameworks";
				MACOSX_DEPLOYMENT_TARGET = 15.2;
				MARKETING_VERSION = 1.0;
				PRODUCT_BUNDLE_IDENTIFIER = natefelix.VitAl;
				PRODUCT_NAME = "$(TARGET_NAME)";
				SDKROOT = auto;
				SUPPORTED_PLATFORMS = "iphoneos iphonesimulator";
				SUPPORTS_MACCATALYST = NO;
				SWIFT_EMIT_LOC_STRINGS = YES;
				SWIFT_VERSION = 5.0;
				TARGETED_DEVICE_FAMILY = 1;
				XROS_DEPLOYMENT_TARGET = 2.2;
			};
			name = Release;
		};
		6069406C2D93EB2A000B18F1 /* Debug */ = {
			isa = XCBuildConfiguration;
			buildSettings = {
				BUNDLE_LOADER = "$(TEST_HOST)";
				CODE_SIGN_STYLE = Automatic;
				CURRENT_PROJECT_VERSION = 1;
				GENERATE_INFOPLIST_FILE = YES;
				IPHONEOS_DEPLOYMENT_TARGET = 18.2;
				MACOSX_DEPLOYMENT_TARGET = 15.2;
				MARKETING_VERSION = 1.0;
				PRODUCT_BUNDLE_IDENTIFIER = natefelix.VitAlTests;
				PRODUCT_NAME = "$(TARGET_NAME)";
				SDKROOT = auto;
				SUPPORTED_PLATFORMS = "iphoneos iphonesimulator macosx xros xrsimulator";
				SWIFT_EMIT_LOC_STRINGS = NO;
				SWIFT_VERSION = 5.0;
				TARGETED_DEVICE_FAMILY = "1,2,7";
				TEST_HOST = "$(BUILT_PRODUCTS_DIR)/VitAl.app/$(BUNDLE_EXECUTABLE_FOLDER_PATH)/VitAl";
				XROS_DEPLOYMENT_TARGET = 2.2;
			};
			name = Debug;
		};
		6069406D2D93EB2A000B18F1 /* Release */ = {
			isa = XCBuildConfiguration;
			buildSettings = {
				BUNDLE_LOADER = "$(TEST_HOST)";
				CODE_SIGN_STYLE = Automatic;
				CURRENT_PROJECT_VERSION = 1;
				GENERATE_INFOPLIST_FILE = YES;
				IPHONEOS_DEPLOYMENT_TARGET = 18.2;
				MACOSX_DEPLOYMENT_TARGET = 15.2;
				MARKETING_VERSION = 1.0;
				PRODUCT_BUNDLE_IDENTIFIER = natefelix.VitAlTests;
				PRODUCT_NAME = "$(TARGET_NAME)";
				SDKROOT = auto;
				SUPPORTED_PLATFORMS = "iphoneos iphonesimulator macosx xros xrsimulator";
				SWIFT_EMIT_LOC_STRINGS = NO;
				SWIFT_VERSION = 5.0;
				TARGETED_DEVICE_FAMILY = "1,2,7";
				TEST_HOST = "$(BUILT_PRODUCTS_DIR)/VitAl.app/$(BUNDLE_EXECUTABLE_FOLDER_PATH)/VitAl";
				XROS_DEPLOYMENT_TARGET = 2.2;
			};
			name = Release;
		};
		6069406F2D93EB2A000B18F1 /* Debug */ = {
			isa = XCBuildConfiguration;
			buildSettings = {
				CODE_SIGN_STYLE = Automatic;
				CURRENT_PROJECT_VERSION = 1;
				GENERATE_INFOPLIST_FILE = YES;
				IPHONEOS_DEPLOYMENT_TARGET = 18.2;
				MACOSX_DEPLOYMENT_TARGET = 15.2;
				MARKETING_VERSION = 1.0;
				PRODUCT_BUNDLE_IDENTIFIER = natefelix.VitAlUITests;
				PRODUCT_NAME = "$(TARGET_NAME)";
				SDKROOT = auto;
				SUPPORTED_PLATFORMS = "iphoneos iphonesimulator macosx xros xrsimulator";
				SWIFT_EMIT_LOC_STRINGS = NO;
				SWIFT_VERSION = 5.0;
				TARGETED_DEVICE_FAMILY = "1,2,7";
				TEST_TARGET_NAME = VitAl;
				XROS_DEPLOYMENT_TARGET = 2.2;
			};
			name = Debug;
		};
		606940702D93EB2A000B18F1 /* Release */ = {
			isa = XCBuildConfiguration;
			buildSettings = {
				CODE_SIGN_STYLE = Automatic;
				CURRENT_PROJECT_VERSION = 1;
				GENERATE_INFOPLIST_FILE = YES;
				IPHONEOS_DEPLOYMENT_TARGET = 18.2;
				MACOSX_DEPLOYMENT_TARGET = 15.2;
				MARKETING_VERSION = 1.0;
				PRODUCT_BUNDLE_IDENTIFIER = natefelix.VitAlUITests;
				PRODUCT_NAME = "$(TARGET_NAME)";
				SDKROOT = auto;
				SUPPORTED_PLATFORMS = "iphoneos iphonesimulator macosx xros xrsimulator";
				SWIFT_EMIT_LOC_STRINGS = NO;
				SWIFT_VERSION = 5.0;
				TARGETED_DEVICE_FAMILY = "1,2,7";
				TEST_TARGET_NAME = VitAl;
				XROS_DEPLOYMENT_TARGET = 2.2;
			};
			name = Release;
		};
		606940BF2D93EC10000B18F1 /* Debug */ = {
			isa = XCBuildConfiguration;
			buildSettings = {
				ASSETCATALOG_COMPILER_APPICON_NAME = AppIcon;
				ASSETCATALOG_COMPILER_GLOBAL_ACCENT_COLOR_NAME = AccentColor;
				CODE_SIGN_STYLE = Automatic;
				CURRENT_PROJECT_VERSION = 1;
				DEVELOPMENT_ASSET_PATHS = "\"VitAl Watch Watch App/Preview Content\"";
				DEVELOPMENT_TEAM = JYBPT2T76T;
				ENABLE_PREVIEWS = YES;
				GENERATE_INFOPLIST_FILE = YES;
				INFOPLIST_KEY_CFBundleDisplayName = "VitAl Watch";
				INFOPLIST_KEY_UISupportedInterfaceOrientations = "UIInterfaceOrientationPortrait UIInterfaceOrientationPortraitUpsideDown";
				INFOPLIST_KEY_WKCompanionAppBundleIdentifier = "natefelix.VitAl-Watch";
				LD_RUNPATH_SEARCH_PATHS = (
					"$(inherited)",
					"@executable_path/Frameworks",
				);
				MARKETING_VERSION = 1.0;
				PRODUCT_BUNDLE_IDENTIFIER = "natefelix.VitAl-Watch.watchkitapp";
				PRODUCT_NAME = "$(TARGET_NAME)";
				SDKROOT = watchos;
				SKIP_INSTALL = YES;
				SWIFT_EMIT_LOC_STRINGS = YES;
				SWIFT_VERSION = 5.0;
				TARGETED_DEVICE_FAMILY = 4;
				WATCHOS_DEPLOYMENT_TARGET = 8.7;
			};
			name = Debug;
		};
		606940C02D93EC10000B18F1 /* Release */ = {
			isa = XCBuildConfiguration;
			buildSettings = {
				ASSETCATALOG_COMPILER_APPICON_NAME = AppIcon;
				ASSETCATALOG_COMPILER_GLOBAL_ACCENT_COLOR_NAME = AccentColor;
				CODE_SIGN_STYLE = Automatic;
				CURRENT_PROJECT_VERSION = 1;
				DEVELOPMENT_ASSET_PATHS = "\"VitAl Watch Watch App/Preview Content\"";
				DEVELOPMENT_TEAM = JYBPT2T76T;
				ENABLE_PREVIEWS = YES;
				GENERATE_INFOPLIST_FILE = YES;
				INFOPLIST_KEY_CFBundleDisplayName = "VitAl Watch";
				INFOPLIST_KEY_UISupportedInterfaceOrientations = "UIInterfaceOrientationPortrait UIInterfaceOrientationPortraitUpsideDown";
				INFOPLIST_KEY_WKCompanionAppBundleIdentifier = "natefelix.VitAl-Watch";
				LD_RUNPATH_SEARCH_PATHS = (
					"$(inherited)",
					"@executable_path/Frameworks",
				);
				MARKETING_VERSION = 1.0;
				PRODUCT_BUNDLE_IDENTIFIER = "natefelix.VitAl-Watch.watchkitapp";
				PRODUCT_NAME = "$(TARGET_NAME)";
				SDKROOT = watchos;
				SKIP_INSTALL = YES;
				SWIFT_EMIT_LOC_STRINGS = YES;
				SWIFT_VERSION = 5.0;
				TARGETED_DEVICE_FAMILY = 4;
				VALIDATE_PRODUCT = YES;
				WATCHOS_DEPLOYMENT_TARGET = 8.7;
			};
			name = Release;
		};
		606940C32D93EC10000B18F1 /* Debug */ = {
			isa = XCBuildConfiguration;
			buildSettings = {
				ASSETCATALOG_COMPILER_APPICON_NAME = AppIcon;
				ASSETCATALOG_COMPILER_GLOBAL_ACCENT_COLOR_NAME = AccentColor;
				CODE_SIGN_ENTITLEMENTS = "VitAl Watch/VitAl Watch.entitlements";
				CODE_SIGN_STYLE = Automatic;
				CURRENT_PROJECT_VERSION = 1;
				DEVELOPMENT_ASSET_PATHS = "\"VitAl Watch/Preview Content\"";
				DEVELOPMENT_TEAM = JYBPT2T76T;
				ENABLE_PREVIEWS = YES;
				GENERATE_INFOPLIST_FILE = YES;
				INFOPLIST_FILE = "VitAl-Watch-Info.plist";
				INFOPLIST_KEY_CFBundleDisplayName = "VitAl Watch";
				INFOPLIST_KEY_UIApplicationSceneManifest_Generation = YES;
				INFOPLIST_KEY_UIApplicationSupportsIndirectInputEvents = YES;
				INFOPLIST_KEY_UILaunchScreen_Generation = YES;
				INFOPLIST_KEY_UISupportedInterfaceOrientations_iPad = "UIInterfaceOrientationPortrait UIInterfaceOrientationPortraitUpsideDown UIInterfaceOrientationLandscapeLeft UIInterfaceOrientationLandscapeRight";
				INFOPLIST_KEY_UISupportedInterfaceOrientations_iPhone = "UIInterfaceOrientationPortrait UIInterfaceOrientationLandscapeLeft UIInterfaceOrientationLandscapeRight";
				IPHONEOS_DEPLOYMENT_TARGET = 16.6;
				LD_RUNPATH_SEARCH_PATHS = (
					"$(inherited)",
					"@executable_path/Frameworks",
				);
				MARKETING_VERSION = 1.0;
				PRODUCT_BUNDLE_IDENTIFIER = "natefelix.VitAl-Watch";
				PRODUCT_NAME = "$(TARGET_NAME)";
				SDKROOT = iphoneos;
				SWIFT_EMIT_LOC_STRINGS = YES;
				SWIFT_VERSION = 5.0;
				TARGETED_DEVICE_FAMILY = "1,2";
			};
			name = Debug;
		};
		606940C42D93EC10000B18F1 /* Release */ = {
			isa = XCBuildConfiguration;
			buildSettings = {
				ASSETCATALOG_COMPILER_APPICON_NAME = AppIcon;
				ASSETCATALOG_COMPILER_GLOBAL_ACCENT_COLOR_NAME = AccentColor;
				CODE_SIGN_ENTITLEMENTS = "VitAl Watch/VitAl Watch.entitlements";
				CODE_SIGN_STYLE = Automatic;
				CURRENT_PROJECT_VERSION = 1;
				DEVELOPMENT_ASSET_PATHS = "\"VitAl Watch/Preview Content\"";
				DEVELOPMENT_TEAM = JYBPT2T76T;
				ENABLE_PREVIEWS = YES;
				GENERATE_INFOPLIST_FILE = YES;
				INFOPLIST_FILE = "VitAl-Watch-Info.plist";
				INFOPLIST_KEY_CFBundleDisplayName = "VitAl Watch";
				INFOPLIST_KEY_UIApplicationSceneManifest_Generation = YES;
				INFOPLIST_KEY_UIApplicationSupportsIndirectInputEvents = YES;
				INFOPLIST_KEY_UILaunchScreen_Generation = YES;
				INFOPLIST_KEY_UISupportedInterfaceOrientations_iPad = "UIInterfaceOrientationPortrait UIInterfaceOrientationPortraitUpsideDown UIInterfaceOrientationLandscapeLeft UIInterfaceOrientationLandscapeRight";
				INFOPLIST_KEY_UISupportedInterfaceOrientations_iPhone = "UIInterfaceOrientationPortrait UIInterfaceOrientationLandscapeLeft UIInterfaceOrientationLandscapeRight";
				IPHONEOS_DEPLOYMENT_TARGET = 16.6;
				LD_RUNPATH_SEARCH_PATHS = (
					"$(inherited)",
					"@executable_path/Frameworks",
				);
				MARKETING_VERSION = 1.0;
				PRODUCT_BUNDLE_IDENTIFIER = "natefelix.VitAl-Watch";
				PRODUCT_NAME = "$(TARGET_NAME)";
				SDKROOT = iphoneos;
				SWIFT_EMIT_LOC_STRINGS = YES;
				SWIFT_VERSION = 5.0;
				TARGETED_DEVICE_FAMILY = "1,2";
				VALIDATE_PRODUCT = YES;
			};
			name = Release;
		};
		606940C62D93EC10000B18F1 /* Debug */ = {
			isa = XCBuildConfiguration;
			buildSettings = {
				BUNDLE_LOADER = "$(TEST_HOST)";
				CODE_SIGN_STYLE = Automatic;
				CURRENT_PROJECT_VERSION = 1;
				DEVELOPMENT_TEAM = JYBPT2T76T;
				GENERATE_INFOPLIST_FILE = YES;
				IPHONEOS_DEPLOYMENT_TARGET = 16.6;
				MARKETING_VERSION = 1.0;
				PRODUCT_BUNDLE_IDENTIFIER = "natefelix.VitAl-WatchTests";
				PRODUCT_NAME = "$(TARGET_NAME)";
				SDKROOT = iphoneos;
				SWIFT_EMIT_LOC_STRINGS = NO;
				SWIFT_VERSION = 5.0;
				TARGETED_DEVICE_FAMILY = "1,2";
				TEST_HOST = "$(BUILT_PRODUCTS_DIR)/VitAl Watch.app/$(BUNDLE_EXECUTABLE_FOLDER_PATH)/VitAl Watch";
			};
			name = Debug;
		};
		606940C72D93EC10000B18F1 /* Release */ = {
			isa = XCBuildConfiguration;
			buildSettings = {
				BUNDLE_LOADER = "$(TEST_HOST)";
				CODE_SIGN_STYLE = Automatic;
				CURRENT_PROJECT_VERSION = 1;
				DEVELOPMENT_TEAM = JYBPT2T76T;
				GENERATE_INFOPLIST_FILE = YES;
				IPHONEOS_DEPLOYMENT_TARGET = 16.6;
				MARKETING_VERSION = 1.0;
				PRODUCT_BUNDLE_IDENTIFIER = "natefelix.VitAl-WatchTests";
				PRODUCT_NAME = "$(TARGET_NAME)";
				SDKROOT = iphoneos;
				SWIFT_EMIT_LOC_STRINGS = NO;
				SWIFT_VERSION = 5.0;
				TARGETED_DEVICE_FAMILY = "1,2";
				TEST_HOST = "$(BUILT_PRODUCTS_DIR)/VitAl Watch.app/$(BUNDLE_EXECUTABLE_FOLDER_PATH)/VitAl Watch";
				VALIDATE_PRODUCT = YES;
			};
			name = Release;
		};
		606940C92D93EC10000B18F1 /* Debug */ = {
			isa = XCBuildConfiguration;
			buildSettings = {
				CODE_SIGN_STYLE = Automatic;
				CURRENT_PROJECT_VERSION = 1;
				DEVELOPMENT_TEAM = JYBPT2T76T;
				GENERATE_INFOPLIST_FILE = YES;
				IPHONEOS_DEPLOYMENT_TARGET = 16.6;
				MARKETING_VERSION = 1.0;
				PRODUCT_BUNDLE_IDENTIFIER = "natefelix.VitAl-WatchUITests";
				PRODUCT_NAME = "$(TARGET_NAME)";
				SDKROOT = iphoneos;
				SWIFT_EMIT_LOC_STRINGS = NO;
				SWIFT_VERSION = 5.0;
				TARGETED_DEVICE_FAMILY = "1,2";
				TEST_TARGET_NAME = "VitAl Watch";
			};
			name = Debug;
		};
		606940CA2D93EC10000B18F1 /* Release */ = {
			isa = XCBuildConfiguration;
			buildSettings = {
				CODE_SIGN_STYLE = Automatic;
				CURRENT_PROJECT_VERSION = 1;
				DEVELOPMENT_TEAM = JYBPT2T76T;
				GENERATE_INFOPLIST_FILE = YES;
				IPHONEOS_DEPLOYMENT_TARGET = 16.6;
				MARKETING_VERSION = 1.0;
				PRODUCT_BUNDLE_IDENTIFIER = "natefelix.VitAl-WatchUITests";
				PRODUCT_NAME = "$(TARGET_NAME)";
				SDKROOT = iphoneos;
				SWIFT_EMIT_LOC_STRINGS = NO;
				SWIFT_VERSION = 5.0;
				TARGETED_DEVICE_FAMILY = "1,2";
				TEST_TARGET_NAME = "VitAl Watch";
				VALIDATE_PRODUCT = YES;
			};
			name = Release;
		};
		606940CC2D93EC10000B18F1 /* Debug */ = {
			isa = XCBuildConfiguration;
			buildSettings = {
				BUNDLE_LOADER = "$(TEST_HOST)";
				CODE_SIGN_STYLE = Automatic;
				CURRENT_PROJECT_VERSION = 1;
				DEVELOPMENT_TEAM = JYBPT2T76T;
				GENERATE_INFOPLIST_FILE = YES;
				MARKETING_VERSION = 1.0;
				PRODUCT_BUNDLE_IDENTIFIER = "natefelix.VitAl-Watch-Watch-AppTests";
				PRODUCT_NAME = "$(TARGET_NAME)";
				SDKROOT = watchos;
				SWIFT_EMIT_LOC_STRINGS = NO;
				SWIFT_VERSION = 5.0;
				TARGETED_DEVICE_FAMILY = 4;
				TEST_HOST = "$(BUILT_PRODUCTS_DIR)/VitAl Watch Watch App.app/$(BUNDLE_EXECUTABLE_FOLDER_PATH)/VitAl Watch Watch App";
				WATCHOS_DEPLOYMENT_TARGET = 8.7;
			};
			name = Debug;
		};
		606940CD2D93EC10000B18F1 /* Release */ = {
			isa = XCBuildConfiguration;
			buildSettings = {
				BUNDLE_LOADER = "$(TEST_HOST)";
				CODE_SIGN_STYLE = Automatic;
				CURRENT_PROJECT_VERSION = 1;
				DEVELOPMENT_TEAM = JYBPT2T76T;
				GENERATE_INFOPLIST_FILE = YES;
				MARKETING_VERSION = 1.0;
				PRODUCT_BUNDLE_IDENTIFIER = "natefelix.VitAl-Watch-Watch-AppTests";
				PRODUCT_NAME = "$(TARGET_NAME)";
				SDKROOT = watchos;
				SWIFT_EMIT_LOC_STRINGS = NO;
				SWIFT_VERSION = 5.0;
				TARGETED_DEVICE_FAMILY = 4;
				TEST_HOST = "$(BUILT_PRODUCTS_DIR)/VitAl Watch Watch App.app/$(BUNDLE_EXECUTABLE_FOLDER_PATH)/VitAl Watch Watch App";
				VALIDATE_PRODUCT = YES;
				WATCHOS_DEPLOYMENT_TARGET = 8.7;
			};
			name = Release;
		};
		606940CF2D93EC10000B18F1 /* Debug */ = {
			isa = XCBuildConfiguration;
			buildSettings = {
				CODE_SIGN_STYLE = Automatic;
				CURRENT_PROJECT_VERSION = 1;
				DEVELOPMENT_TEAM = JYBPT2T76T;
				GENERATE_INFOPLIST_FILE = YES;
				MARKETING_VERSION = 1.0;
				PRODUCT_BUNDLE_IDENTIFIER = "natefelix.VitAl-Watch-Watch-AppUITests";
				PRODUCT_NAME = "$(TARGET_NAME)";
				SDKROOT = watchos;
				SWIFT_EMIT_LOC_STRINGS = NO;
				SWIFT_VERSION = 5.0;
				TARGETED_DEVICE_FAMILY = 4;
				TEST_TARGET_NAME = "VitAl Watch Watch App";
				WATCHOS_DEPLOYMENT_TARGET = 8.7;
			};
			name = Debug;
		};
		606940D02D93EC10000B18F1 /* Release */ = {
			isa = XCBuildConfiguration;
			buildSettings = {
				CODE_SIGN_STYLE = Automatic;
				CURRENT_PROJECT_VERSION = 1;
				DEVELOPMENT_TEAM = JYBPT2T76T;
				GENERATE_INFOPLIST_FILE = YES;
				MARKETING_VERSION = 1.0;
				PRODUCT_BUNDLE_IDENTIFIER = "natefelix.VitAl-Watch-Watch-AppUITests";
				PRODUCT_NAME = "$(TARGET_NAME)";
				SDKROOT = watchos;
				SWIFT_EMIT_LOC_STRINGS = NO;
				SWIFT_VERSION = 5.0;
				TARGETED_DEVICE_FAMILY = 4;
				TEST_TARGET_NAME = "VitAl Watch Watch App";
				VALIDATE_PRODUCT = YES;
				WATCHOS_DEPLOYMENT_TARGET = 8.7;
			};
			name = Release;
		};
/* End XCBuildConfiguration section */

/* Begin XCConfigurationList section */
		606940392D93EB28000B18F1 /* Build configuration list for PBXProject "VitAl" */ = {
			isa = XCConfigurationList;
			buildConfigurations = (
				606940662D93EB2A000B18F1 /* Debug */,
				606940672D93EB2A000B18F1 /* Release */,
			);
			defaultConfigurationIsVisible = 0;
			defaultConfigurationName = Release;
		};
		606940682D93EB2A000B18F1 /* Build configuration list for PBXNativeTarget "VitAl" */ = {
			isa = XCConfigurationList;
			buildConfigurations = (
				606940692D93EB2A000B18F1 /* Debug */,
				6069406A2D93EB2A000B18F1 /* Release */,
			);
			defaultConfigurationIsVisible = 0;
			defaultConfigurationName = Release;
		};
		6069406B2D93EB2A000B18F1 /* Build configuration list for PBXNativeTarget "VitAlTests" */ = {
			isa = XCConfigurationList;
			buildConfigurations = (
				6069406C2D93EB2A000B18F1 /* Debug */,
				6069406D2D93EB2A000B18F1 /* Release */,
			);
			defaultConfigurationIsVisible = 0;
			defaultConfigurationName = Release;
		};
		6069406E2D93EB2A000B18F1 /* Build configuration list for PBXNativeTarget "VitAlUITests" */ = {
			isa = XCConfigurationList;
			buildConfigurations = (
				6069406F2D93EB2A000B18F1 /* Debug */,
				606940702D93EB2A000B18F1 /* Release */,
			);
			defaultConfigurationIsVisible = 0;
			defaultConfigurationName = Release;
		};
		606940BE2D93EC10000B18F1 /* Build configuration list for PBXNativeTarget "VitAl Watch Watch App" */ = {
			isa = XCConfigurationList;
			buildConfigurations = (
				606940BF2D93EC10000B18F1 /* Debug */,
				606940C02D93EC10000B18F1 /* Release */,
			);
			defaultConfigurationIsVisible = 0;
			defaultConfigurationName = Release;
		};
		606940C22D93EC10000B18F1 /* Build configuration list for PBXNativeTarget "VitAl Watch" */ = {
			isa = XCConfigurationList;
			buildConfigurations = (
				606940C32D93EC10000B18F1 /* Debug */,
				606940C42D93EC10000B18F1 /* Release */,
			);
			defaultConfigurationIsVisible = 0;
			defaultConfigurationName = Release;
		};
		606940C52D93EC10000B18F1 /* Build configuration list for PBXNativeTarget "VitAl WatchTests" */ = {
			isa = XCConfigurationList;
			buildConfigurations = (
				606940C62D93EC10000B18F1 /* Debug */,
				606940C72D93EC10000B18F1 /* Release */,
			);
			defaultConfigurationIsVisible = 0;
			defaultConfigurationName = Release;
		};
		606940C82D93EC10000B18F1 /* Build configuration list for PBXNativeTarget "VitAl WatchUITests" */ = {
			isa = XCConfigurationList;
			buildConfigurations = (
				606940C92D93EC10000B18F1 /* Debug */,
				606940CA2D93EC10000B18F1 /* Release */,
			);
			defaultConfigurationIsVisible = 0;
			defaultConfigurationName = Release;
		};
		606940CB2D93EC10000B18F1 /* Build configuration list for PBXNativeTarget "VitAl Watch Watch AppTests" */ = {
			isa = XCConfigurationList;
			buildConfigurations = (
				606940CC2D93EC10000B18F1 /* Debug */,
				606940CD2D93EC10000B18F1 /* Release */,
			);
			defaultConfigurationIsVisible = 0;
			defaultConfigurationName = Release;
		};
		606940CE2D93EC10000B18F1 /* Build configuration list for PBXNativeTarget "VitAl Watch Watch AppUITests" */ = {
			isa = XCConfigurationList;
			buildConfigurations = (
				606940CF2D93EC10000B18F1 /* Debug */,
				606940D02D93EC10000B18F1 /* Release */,
			);
			defaultConfigurationIsVisible = 0;
			defaultConfigurationName = Release;
		};
/* End XCConfigurationList section */
	};
	rootObject = 606940362D93EB28000B18F1 /* Project object */;
}
